
Microsoft Visual Studio Solution File, Format Version 12.00
# Visual Studio Version 17
VisualStudioVersion = 17.13.35931.197
MinimumVisualStudioVersion = 10.0.40219.1
Project("{FAE04EC0-301F-11D3-BF4B-00C04F79EFBC}") = "WebApi", "WebApi\WebApi.csproj", "{8D6B33C5-CEE1-20B5-A207-99CBB61F699C}"
EndProject
Project("{FAE04EC0-301F-11D3-BF4B-00C04F79EFBC}") = "Entities", "Entities\Entities.csproj", "{598A1F4F-7AB3-40C5-A40F-4B575345839E}"
EndProject
Project("{FAE04EC0-301F-11D3-BF4B-00C04F79EFBC}") = "Repositories", "Repositories\Repositories.csproj", "{A17E1E0F-DC7C-45AB-BA19-6FB455DE9607}"
EndProject
Project("{FAE04EC0-301F-11D3-BF4B-00C04F79EFBC}") = "Services", "Services\Services.csproj", "{9BCE6D8D-7913-4FD4-87C3-F6A802808B82}"
EndProject
Project("{FAE04EC0-301F-11D3-BF4B-00C04F79EFBC}") = "Presentation", "Presentation\Presentation.csproj", "{1AF2E1B1-A407-453D-9182-E5726DBE690A}"
EndProject
Project("{2150E333-8FDC-42A3-9474-1A3956D46DE8}") = "Solution Items", "Solution Items", "{8EC462FD-D22E-90A8-E5CE-7E832BA40C5D}"
	ProjectSection(SolutionItems) = preProject
		.gitignore = .gitignore
	EndProjectSection
EndProject
Global
	GlobalSection(SolutionConfigurationPlatforms) = preSolution
		Debug|Any CPU = Debug|Any CPU
		Release|Any CPU = Release|Any CPU
	EndGlobalSection
	GlobalSection(ProjectConfigurationPlatforms) = postSolution
		{8D6B33C5-CEE1-20B5-A207-99CBB61F699C}.Debug|Any CPU.ActiveCfg = Debug|Any CPU
		{8D6B33C5-CEE1-20B5-A207-99CBB61F699C}.Debug|Any CPU.Build.0 = Debug|Any CPU
		{8D6B33C5-CEE1-20B5-A207-99CBB61F699C}.Release|Any CPU.ActiveCfg = Release|Any CPU
		{8D6B33C5-CEE1-20B5-A207-99CBB61F699C}.Release|Any CPU.Build.0 = Release|Any CPU
		{598A1F4F-7AB3-40C5-A40F-4B575345839E}.Debug|Any CPU.ActiveCfg = Debug|Any CPU
		{598A1F4F-7AB3-40C5-A40F-4B575345839E}.Debug|Any CPU.Build.0 = Debug|Any CPU
		{598A1F4F-7AB3-40C5-A40F-4B575345839E}.Release|Any CPU.ActiveCfg = Release|Any CPU
		{598A1F4F-7AB3-40C5-A40F-4B575345839E}.Release|Any CPU.Build.0 = Release|Any CPU
		{A17E1E0F-DC7C-45AB-BA19-6FB455DE9607}.Debug|Any CPU.ActiveCfg = Debug|Any CPU
		{A17E1E0F-DC7C-45AB-BA19-6FB455DE9607}.Debug|Any CPU.Build.0 = Debug|Any CPU
		{A17E1E0F-DC7C-45AB-BA19-6FB455DE9607}.Release|Any CPU.ActiveCfg = Release|Any CPU
		{A17E1E0F-DC7C-45AB-BA19-6FB455DE9607}.Release|Any CPU.Build.0 = Release|Any CPU
		{9BCE6D8D-7913-4FD4-87C3-F6A802808B82}.Debug|Any CPU.ActiveCfg = Debug|Any CPU
		{9BCE6D8D-7913-4FD4-87C3-F6A802808B82}.Debug|Any CPU.Build.0 = Debug|Any CPU
		{9BCE6D8D-7913-4FD4-87C3-F6A802808B82}.Release|Any CPU.ActiveCfg = Release|Any CPU
		{9BCE6D8D-7913-4FD4-87C3-F6A802808B82}.Release|Any CPU.Build.0 = Release|Any CPU
		{1AF2E1B1-A407-453D-9182-E5726DBE690A}.Debug|Any CPU.ActiveCfg = Debug|Any CPU
		{1AF2E1B1-A407-453D-9182-E5726DBE690A}.Debug|Any CPU.Build.0 = Debug|Any CPU
		{1AF2E1B1-A407-453D-9182-E5726DBE690A}.Release|Any CPU.ActiveCfg = Release|Any CPU
		{1AF2E1B1-A407-453D-9182-E5726DBE690A}.Release|Any CPU.Build.0 = Release|Any CPU
	EndGlobalSection
	GlobalSection(SolutionProperties) = preSolution
		HideSolutionNode = FALSE
	EndGlobalSection
	GlobalSection(ExtensibilityGlobals) = postSolution
		SolutionGuid = {47D6ADA6-7338-4548-A8BE-7E958AD0ED3B}
	EndGlobalSection
EndGlobal
